
Microsoft Visual Studio Solution File, Format Version 12.00
# Visual Studio 15
VisualStudioVersion = 15.0.27703.2047
MinimumVisualStudioVersion = 10.0.40219.1
Project("{FAE04EC0-301F-11D3-BF4B-00C04F79EFBC}") = "ConsoleApp3", "ConsoleApp3\ConsoleApp3.csproj", "{562DB7C5-1D77-49AC-853A-EC3557D196C5}"
EndProject
Global
	GlobalSection(SolutionConfigurationPlatforms) = preSolution
		Debug|Any CPU = Debug|Any CPU
		Release|Any CPU = Release|Any CPU
	EndGlobalSection
	GlobalSection(ProjectConfigurationPlatforms) = postSolution
		{562DB7C5-1D77-49AC-853A-EC3557D196C5}.Debug|Any CPU.ActiveCfg = Debug|Any CPU
		{562DB7C5-1D77-49AC-853A-EC3557D196C5}.Debug|Any CPU.Build.0 = Debug|Any CPU
		{562DB7C5-1D77-49AC-853A-EC3557D196C5}.Release|Any CPU.ActiveCfg = Release|Any CPU
		{562DB7C5-1D77-49AC-853A-EC3557D196C5}.Release|Any CPU.Build.0 = Release|Any CPU
	EndGlobalSection
	GlobalSection(SolutionProperties) = preSolution
		HideSolutionNode = FALSE
	EndGlobalSection
	GlobalSection(ExtensibilityGlobals) = postSolution
		SolutionGuid = {48EE662F-13D0-423C-BBAC-2EEF7B4CC19F}
	EndGlobalSection
EndGlobal
